
Microsoft Visual Studio Solution File, Format Version 12.00
# Visual Studio 15
VisualStudioVersion = 15.0.28010.2003
MinimumVisualStudioVersion = 10.0.40219.1
Project("{FAE04EC0-301F-11D3-BF4B-00C04F79EFBC}") = "PublicLib", "PublicLib\PublicLib.csproj", "{DF50E68F-53C7-485B-BB0F-ACE793A56180}"
EndProject
Global
	GlobalSection(SolutionConfigurationPlatforms) = preSolution
		Debug|Any CPU = Debug|Any CPU
		Release|Any CPU = Release|Any CPU
	EndGlobalSection
	GlobalSection(ProjectConfigurationPlatforms) = postSolution
		{DF50E68F-53C7-485B-BB0F-ACE793A56180}.Debug|Any CPU.ActiveCfg = Debug|Any CPU
		{DF50E68F-53C7-485B-BB0F-ACE793A56180}.Debug|Any CPU.Build.0 = Debug|Any CPU
		{DF50E68F-53C7-485B-BB0F-ACE793A56180}.Release|Any CPU.ActiveCfg = Release|Any CPU
		{DF50E68F-53C7-485B-BB0F-ACE793A56180}.Release|Any CPU.Build.0 = Release|Any CPU
	EndGlobalSection
	GlobalSection(SolutionProperties) = preSolution
		HideSolutionNode = FALSE
	EndGlobalSection
	GlobalSection(ExtensibilityGlobals) = postSolution
		SolutionGuid = {816E91BE-27E0-45EB-8534-9360186E2C92}
	EndGlobalSection
EndGlobal
