
Microsoft Visual Studio Solution File, Format Version 12.00
# Visual Studio 15
VisualStudioVersion = 15.0.28010.2003
MinimumVisualStudioVersion = 10.0.40219.1
Project("{FAE04EC0-301F-11D3-BF4B-00C04F79EFBC}") = "Server", "Server\Server.csproj", "{CACA67A6-253A-415D-8D37-5257C76A947B}"
EndProject
Project("{FAE04EC0-301F-11D3-BF4B-00C04F79EFBC}") = "ServerLib", "ServerLib\ServerLib.csproj", "{1F0315E0-8C2C-4AC2-8614-D2E36E84AF07}"
EndProject
Project("{FAE04EC0-301F-11D3-BF4B-00C04F79EFBC}") = "SyncData", "SyncData\SyncData.csproj", "{F3699E87-C4B8-442A-9969-6EC9FE8242E2}"
EndProject
Project("{FAE04EC0-301F-11D3-BF4B-00C04F79EFBC}") = "PublicLib", "..\PublicLib\PublicLib\PublicLib.csproj", "{DF50E68F-53C7-485B-BB0F-ACE793A56180}"
EndProject
Global
	GlobalSection(SolutionConfigurationPlatforms) = preSolution
		Debug|Any CPU = Debug|Any CPU
		Release|Any CPU = Release|Any CPU
	EndGlobalSection
	GlobalSection(ProjectConfigurationPlatforms) = postSolution
		{CACA67A6-253A-415D-8D37-5257C76A947B}.Debug|Any CPU.ActiveCfg = Debug|Any CPU
		{CACA67A6-253A-415D-8D37-5257C76A947B}.Debug|Any CPU.Build.0 = Debug|Any CPU
		{CACA67A6-253A-415D-8D37-5257C76A947B}.Release|Any CPU.ActiveCfg = Release|Any CPU
		{CACA67A6-253A-415D-8D37-5257C76A947B}.Release|Any CPU.Build.0 = Release|Any CPU
		{1F0315E0-8C2C-4AC2-8614-D2E36E84AF07}.Debug|Any CPU.ActiveCfg = Debug|Any CPU
		{1F0315E0-8C2C-4AC2-8614-D2E36E84AF07}.Debug|Any CPU.Build.0 = Debug|Any CPU
		{1F0315E0-8C2C-4AC2-8614-D2E36E84AF07}.Release|Any CPU.ActiveCfg = Release|Any CPU
		{1F0315E0-8C2C-4AC2-8614-D2E36E84AF07}.Release|Any CPU.Build.0 = Release|Any CPU
		{F3699E87-C4B8-442A-9969-6EC9FE8242E2}.Debug|Any CPU.ActiveCfg = Debug|Any CPU
		{F3699E87-C4B8-442A-9969-6EC9FE8242E2}.Debug|Any CPU.Build.0 = Debug|Any CPU
		{F3699E87-C4B8-442A-9969-6EC9FE8242E2}.Release|Any CPU.ActiveCfg = Release|Any CPU
		{F3699E87-C4B8-442A-9969-6EC9FE8242E2}.Release|Any CPU.Build.0 = Release|Any CPU
		{DF50E68F-53C7-485B-BB0F-ACE793A56180}.Debug|Any CPU.ActiveCfg = Debug|Any CPU
		{DF50E68F-53C7-485B-BB0F-ACE793A56180}.Debug|Any CPU.Build.0 = Debug|Any CPU
		{DF50E68F-53C7-485B-BB0F-ACE793A56180}.Release|Any CPU.ActiveCfg = Release|Any CPU
		{DF50E68F-53C7-485B-BB0F-ACE793A56180}.Release|Any CPU.Build.0 = Release|Any CPU
	EndGlobalSection
	GlobalSection(SolutionProperties) = preSolution
		HideSolutionNode = FALSE
	EndGlobalSection
	GlobalSection(ExtensibilityGlobals) = postSolution
		SolutionGuid = {CA99C0D3-0D4E-4165-92F1-03FA13B4F58B}
	EndGlobalSection
EndGlobal
